// !$*UTF8*$!
{
	archiveVersion = 1;
	classes = {
	};
	objectVersion = 46;
	objects = {

/* Begin PBXBuildFile section */
		3FE6F9B01D8FC912007C713B /* AppDelegate.swift in Sources */ = {isa = PBXBuildFile; fileRef = 3FE6F9AF1D8FC912007C713B /* AppDelegate.swift */; };
		3FE6F9B21D8FC912007C713B /* ViewController.swift in Sources */ = {isa = PBXBuildFile; fileRef = 3FE6F9B11D8FC912007C713B /* ViewController.swift */; };
		3FE6F9B51D8FC912007C713B /* Main.storyboard in Resources */ = {isa = PBXBuildFile; fileRef = 3FE6F9B31D8FC912007C713B /* Main.storyboard */; };
		3FE6F9B71D8FC912007C713B /* Assets.xcassets in Resources */ = {isa = PBXBuildFile; fileRef = 3FE6F9B61D8FC912007C713B /* Assets.xcassets */; };
		3FE6F9BA1D8FC912007C713B /* LaunchScreen.storyboard in Resources */ = {isa = PBXBuildFile; fileRef = 3FE6F9B81D8FC912007C713B /* LaunchScreen.storyboard */; };
		3FE6F9C21D8FC946007C713B /* ball.png in Resources */ = {isa = PBXBuildFile; fileRef = 3FE6F9C11D8FC946007C713B /* ball.png */; };
/* End PBXBuildFile section */

/* Begin PBXFileReference section */
		3FE6F9AC1D8FC912007C713B /* RunningBall.app */ = {isa = PBXFileReference; explicitFileType = wrapper.application; includeInIndex = 0; path = RunningBall.app; sourceTree = BUILT_PRODUCTS_DIR; };
		3FE6F9AF1D8FC912007C713B /* AppDelegate.swift */ = {isa = PBXFileReference; lastKnownFileType = sourcecode.swift; path = AppDelegate.swift; sourceTree = "<group>"; };
		3FE6F9B11D8FC912007C713B /* ViewController.swift */ = {isa = PBXFileReference; lastKnownFileType = sourcecode.swift; path = ViewController.swift; sourceTree = "<group>"; };
		3FE6F9B41D8FC912007C713B /* Base */ = {isa = PBXFileReference; lastKnownFileType = file.storyboard; name = Base; path = Base.lproj/Main.storyboard; sourceTree = "<group>"; };
		3FE6F9B61D8FC912007C713B /* Assets.xcassets */ = {isa = PBXFileReference; lastKnownFileType = folder.assetcatalog; path = Assets.xcassets; sourceTree = "<group>"; };
		3FE6F9B91D8FC912007C713B /* Base */ = {isa = PBXFileReference; lastKnownFileType = file.storyboard; name = Base; path = Base.lproj/LaunchScreen.storyboard; sourceTree = "<group>"; };
		3FE6F9BB1D8FC912007C713B /* Info.plist */ = {isa = PBXFileReference; lastKnownFileType = text.plist.xml; path = Info.plist; sourceTree = "<group>"; };
		3FE6F9C11D8FC946007C713B /* ball.png */ = {isa = PBXFileReference; lastKnownFileType = image.png; path = ball.png; sourceTree = "<group>"; };
/* End PBXFileReference section */

/* Begin PBXFrameworksBuildPhase section */
		3FE6F9A91D8FC912007C713B /* Frameworks */ = {
			isa = PBXFrameworksBuildPhase;
			buildActionMask = 2147483647;
			files = (
			);
			runOnlyForDeploymentPostprocessing = 0;
		};
/* End PBXFrameworksBuildPhase section */

/* Begin PBXGroup section */
		3FE6F9A31D8FC912007C713B = {
			isa = PBXGroup;
			children = (
				3FE6F9AE1D8FC912007C713B /* RunningBall */,
				3FE6F9AD1D8FC912007C713B /* Products */,
			);
			sourceTree = "<group>";
		};
		3FE6F9AD1D8FC912007C713B /* Products */ = {
			isa = PBXGroup;
			children = (
				3FE6F9AC1D8FC912007C713B /* RunningBall.app */,
			);
			name = Products;
			sourceTree = "<group>";
		};
		3FE6F9AE1D8FC912007C713B /* RunningBall */ = {
			isa = PBXGroup;
			children = (
				3FE6F9C11D8FC946007C713B /* ball.png */,
				3FE6F9AF1D8FC912007C713B /* AppDelegate.swift */,
				3FE6F9B11D8FC912007C713B /* ViewController.swift */,
				3FE6F9B31D8FC912007C713B /* Main.storyboard */,
				3FE6F9B61D8FC912007C713B /* Assets.xcassets */,
				3FE6F9B81D8FC912007C713B /* LaunchScreen.storyboard */,
				3FE6F9BB1D8FC912007C713B /* Info.plist */,
			);
			path = RunningBall;
			sourceTree = "<group>";
		};
/* End PBXGroup section */

/* Begin PBXNativeTarget section */
		3FE6F9AB1D8FC912007C713B /* RunningBall */ = {
			isa = PBXNativeTarget;
			buildConfigurationList = 3FE6F9BE1D8FC912007C713B /* Build configuration list for PBXNativeTarget "RunningBall" */;
			buildPhases = (
				3FE6F9A81D8FC912007C713B /* Sources */,
				3FE6F9A91D8FC912007C713B /* Frameworks */,
				3FE6F9AA1D8FC912007C713B /* Resources */,
			);
			buildRules = (
			);
			dependencies = (
			);
			name = RunningBall;
			productName = RunningBall;
			productReference = 3FE6F9AC1D8FC912007C713B /* RunningBall.app */;
			productType = "com.apple.product-type.application";
		};
/* End PBXNativeTarget section */

/* Begin PBXProject section */
		3FE6F9A41D8FC912007C713B /* Project object */ = {
			isa = PBXProject;
			attributes = {
				LastSwiftUpdateCheck = 0730;
				LastUpgradeCheck = 0730;
				ORGANIZATIONNAME = MD;
				TargetAttributes = {
					3FE6F9AB1D8FC912007C713B = {
						CreatedOnToolsVersion = 7.3.1;
						LastSwiftMigration = 0800;
					};
				};
			};
			buildConfigurationList = 3FE6F9A71D8FC912007C713B /* Build configuration list for PBXProject "RunningBall" */;
			compatibilityVersion = "Xcode 3.2";
			developmentRegion = English;
			hasScannedForEncodings = 0;
			knownRegions = (
				en,
				Base,
			);
			mainGroup = 3FE6F9A31D8FC912007C713B;
			productRefGroup = 3FE6F9AD1D8FC912007C713B /* Products */;
			projectDirPath = "";
			projectRoot = "";
			targets = (
				3FE6F9AB1D8FC912007C713B /* RunningBall */,
			);
		};
/* End PBXProject section */

/* Begin PBXResourcesBuildPhase section */
		3FE6F9AA1D8FC912007C713B /* Resources */ = {
			isa = PBXResourcesBuildPhase;
			buildActionMask = 2147483647;
			files = (
				3FE6F9BA1D8FC912007C713B /* LaunchScreen.storyboard in Resources */,
				3FE6F9B71D8FC912007C713B /* Assets.xcassets in Resources */,
				3FE6F9C21D8FC946007C713B /* ball.png in Resources */,
				3FE6F9B51D8FC912007C713B /* Main.storyboard in Resources */,
			);
			runOnlyForDeploymentPostprocessing = 0;
		};
/* End PBXResourcesBuildPhase section */

/* Begin PBXSourcesBuildPhase section */
		3FE6F9A81D8FC912007C713B /* Sources */ = {
			isa = PBXSourcesBuildPhase;
			buildActionMask = 2147483647;
			files = (
				3FE6F9B21D8FC912007C713B /* ViewController.swift in Sources */,
				3FE6F9B01D8FC912007C713B /* AppDelegate.swift in Sources */,
			);
			runOnlyForDeploymentPostprocessing = 0;
		};
/* End PBXSourcesBuildPhase section */

/* Begin PBXVariantGroup section */
		3FE6F9B31D8FC912007C713B /* Main.storyboard */ = {
			isa = PBXVariantGroup;
			children = (
				3FE6F9B41D8FC912007C713B /* Base */,
			);
			name = Main.storyboard;
			sourceTree = "<group>";
		};
		3FE6F9B81D8FC912007C713B /* LaunchScreen.storyboard */ = {
			isa = PBXVariantGroup;
			children = (
				3FE6F9B91D8FC912007C713B /* Base */,
			);
			name = LaunchScreen.storyboard;
			sourceTree = "<group>";
		};
/* End PBXVariantGroup section */

/* Begin XCBuildConfiguration section */
		3FE6F9BC1D8FC912007C713B /* Debug */ = {
			isa = XCBuildConfiguration;
			buildSettings = {
				ALWAYS_SEARCH_USER_PATHS = NO;
				CLANG_ANALYZER_NONNULL = YES;
				CLANG_CXX_LANGUAGE_STANDARD = "gnu++0x";
				CLANG_CXX_LIBRARY = "libc++";
				CLANG_ENABLE_MODULES = YES;
				CLANG_ENABLE_OBJC_ARC = YES;
				CLANG_WARN_BOOL_CONVERSION = YES;
				CLANG_WARN_CONSTANT_CONVERSION = YES;
				CLANG_WARN_DIRECT_OBJC_ISA_USAGE = YES_ERROR;
				CLANG_WARN_EMPTY_BODY = YES;
				CLANG_WARN_ENUM_CONVERSION = YES;
				CLANG_WARN_INT_CONVERSION = YES;
				CLANG_WARN_OBJC_ROOT_CLASS = YES_ERROR;
				CLANG_WARN_UNREACHABLE_CODE = YES;
				CLANG_WARN__DUPLICATE_METHOD_MATCH = YES;
				"CODE_SIGN_IDENTITY[sdk=iphoneos*]" = "iPhone Developer";
				COPY_PHASE_STRIP = NO;
				DEBUG_INFORMATION_FORMAT = dwarf;
				ENABLE_STRICT_OBJC_MSGSEND = YES;
				ENABLE_TESTABILITY = YES;
				GCC_C_LANGUAGE_STANDARD = gnu99;
				GCC_DYNAMIC_NO_PIC = NO;
				GCC_NO_COMMON_BLOCKS = YES;
				GCC_OPTIMIZATION_LEVEL = 0;
				GCC_PREPROCESSOR_DEFINITIONS = (
					"DEBUG=1",
					"$(inherited)",
				);
				GCC_WARN_64_TO_32_BIT_CONVERSION = YES;
				GCC_WARN_ABOUT_RETURN_TYPE = YES_ERROR;
				GCC_WARN_UNDECLARED_SELECTOR = YES;
				GCC_WARN_UNINITIALIZED_AUTOS = YES_AGGRESSIVE;
				GCC_WARN_UNUSED_FUNCTION = YES;
				GCC_WARN_UNUSED_VARIABLE = YES;
				IPHONEOS_DEPLOYMENT_TARGET = 9.3;
				MTL_ENABLE_DEBUG_INFO = YES;
				ONLY_ACTIVE_ARCH = YES;
				SDKROOT = iphoneos;
				SWIFT_OPTIMIZATION_LEVEL = "-Onone";
			};
			name = Debug;
		};
		3FE6F9BD1D8FC912007C713B /* Release */ = {
			isa = XCBuildConfiguration;
			buildSettings = {
				ALWAYS_SEARCH_USER_PATHS = NO;
				CLANG_ANALYZER_NONNULL = YES;
				CLANG_CXX_LANGUAGE_STANDARD = "gnu++0x";
				CLANG_CXX_LIBRARY = "libc++";
				CLANG_ENABLE_MODULES = YES;
				CLANG_ENABLE_OBJC_ARC = YES;
				CLANG_WARN_BOOL_CONVERSION = YES;
				CLANG_WARN_CONSTANT_CONVERSION = YES;
				CLANG_WARN_DIRECT_OBJC_ISA_USAGE = YES_ERROR;
				CLANG_WARN_EMPTY_BODY = YES;
				CLANG_WARN_ENUM_CONVERSION = YES;
				CLANG_WARN_INT_CONVERSION = YES;
				CLANG_WARN_OBJC_ROOT_CLASS = YES_ERROR;
				CLANG_WARN_UNREACHABLE_CODE = YES;
				CLANG_WARN__DUPLICATE_METHOD_MATCH = YES;
				"CODE_SIGN_IDENTITY[sdk=iphoneos*]" = "iPhone Developer";
				COPY_PHASE_STRIP = NO;
				DEBUG_INFORMATION_FORMAT = "dwarf-with-dsym";
				ENABLE_NS_ASSERTIONS = NO;
				ENABLE_STRICT_OBJC_MSGSEND = YES;
				GCC_C_LANGUAGE_STANDARD = gnu99;
				GCC_NO_COMMON_BLOCKS = YES;
				GCC_WARN_64_TO_32_BIT_CONVERSION = YES;
				GCC_WARN_ABOUT_RETURN_TYPE = YES_ERROR;
				GCC_WARN_UNDECLARED_SELECTOR = YES;
				GCC_WARN_UNINITIALIZED_AUTOS = YES_AGGRESSIVE;
				GCC_WARN_UNUSED_FUNCTION = YES;
				GCC_WARN_UNUSED_VARIABLE = YES;
				IPHONEOS_DEPLOYMENT_TARGET = 9.3;
				MTL_ENABLE_DEBUG_INFO = NO;
				SDKROOT = iphoneos;
				VALIDATE_PRODUCT = YES;
			};
			name = Release;
		};
		3FE6F9BF1D8FC912007C713B /* Debug */ = {
			isa = XCBuildConfiguration;
			buildSettings = {
				ASSETCATALOG_COMPILER_APPICON_NAME = AppIcon;
				INFOPLIST_FILE = RunningBall/Info.plist;
				LD_RUNPATH_SEARCH_PATHS = "$(inherited) @executable_path/Frameworks";
				PRODUCT_BUNDLE_IDENTIFIER = com.dmd.RunningBall;
				PRODUCT_NAME = "$(TARGET_NAME)";
				SWIFT_VERSION = 3.0;
			};
			name = Debug;
		};
		3FE6F9C01D8FC912007C713B /* Release */ = {
			isa = XCBuildConfiguration;
			buildSettings = {
				ASSETCATALOG_COMPILER_APPICON_NAME = AppIcon;
				INFOPLIST_FILE = RunningBall/Info.plist;
				LD_RUNPATH_SEARCH_PATHS = "$(inherited) @executable_path/Frameworks";
				PRODUCT_BUNDLE_IDENTIFIER = com.dmd.RunningBall;
				PRODUCT_NAME = "$(TARGET_NAME)";
				SWIFT_VERSION = 3.0;
			};
			name = Release;
		};
/* End XCBuildConfiguration section */

/* Begin XCConfigurationList section */
		3FE6F9A71D8FC912007C713B /* Build configuration list for PBXProject "RunningBall" */ = {
			isa = XCConfigurationList;
			buildConfigurations = (
				3FE6F9BC1D8FC912007C713B /* Debug */,
				3FE6F9BD1D8FC912007C713B /* Release */,
			);
			defaultConfigurationIsVisible = 0;
			defaultConfigurationName = Release;
		};
		3FE6F9BE1D8FC912007C713B /* Build configuration list for PBXNativeTarget "RunningBall" */ = {
			isa = XCConfigurationList;
			buildConfigurations = (
				3FE6F9BF1D8FC912007C713B /* Debug */,
				3FE6F9C01D8FC912007C713B /* Release */,
			);
			defaultConfigurationIsVisible = 0;
			defaultConfigurationName = Release;
		};
/* End XCConfigurationList section */
	};
	rootObject = 3FE6F9A41D8FC912007C713B /* Project object */;
}
